
Microsoft Visual Studio Solution File, Format Version 12.00
# Visual Studio Version 16
VisualStudioVersion = 16.0.34902.97
MinimumVisualStudioVersion = 10.0.40219.1
Project("{FAE04EC0-301F-11D3-BF4B-00C04F79EFBC}") = "MachinTest_NimapInfotech", "MachinTest_NimapInfotech\MachinTest_NimapInfotech.csproj", "{0314F37A-2CA2-40FA-93B7-64C5131D5006}"
EndProject
Global
	GlobalSection(SolutionConfigurationPlatforms) = preSolution
		Debug|Any CPU = Debug|Any CPU
		Release|Any CPU = Release|Any CPU
	EndGlobalSection
	GlobalSection(ProjectConfigurationPlatforms) = postSolution
		{0314F37A-2CA2-40FA-93B7-64C5131D5006}.Debug|Any CPU.ActiveCfg = Debug|Any CPU
		{0314F37A-2CA2-40FA-93B7-64C5131D5006}.Debug|Any CPU.Build.0 = Debug|Any CPU
		{0314F37A-2CA2-40FA-93B7-64C5131D5006}.Release|Any CPU.ActiveCfg = Release|Any CPU
		{0314F37A-2CA2-40FA-93B7-64C5131D5006}.Release|Any CPU.Build.0 = Release|Any CPU
	EndGlobalSection
	GlobalSection(SolutionProperties) = preSolution
		HideSolutionNode = FALSE
	EndGlobalSection
	GlobalSection(ExtensibilityGlobals) = postSolution
		SolutionGuid = {CAA7341F-39A4-424D-9E08-4DA100F5FAB1}
	EndGlobalSection
EndGlobal
